
Microsoft Visual Studio Solution File, Format Version 12.00
# Visual Studio Version 17
VisualStudioVersion = 17.4.33213.308
MinimumVisualStudioVersion = 10.0.40219.1
Project("{9A19103F-16F7-4668-BE54-9A1E7A4F7556}") = "APIUNI", "APIUNI\APIUNI.csproj", "{F851A0C3-90E5-4916-81AA-516C797E567C}"
EndProject
Project("{2150E333-8FDC-42A3-9474-1A3956D46DE8}") = "Documents", "Documents", "{4F3BA90E-817B-419F-B353-0BD31F44D5E0}"
	ProjectSection(SolutionItems) = preProject
		..\..\..\Downloads\SeguridadAPIUNI.docx = ..\..\..\Downloads\SeguridadAPIUNI.docx
	EndProjectSection
EndProject
Global
	GlobalSection(SolutionConfigurationPlatforms) = preSolution
		Debug|Any CPU = Debug|Any CPU
		Release|Any CPU = Release|Any CPU
	EndGlobalSection
	GlobalSection(ProjectConfigurationPlatforms) = postSolution
		{F851A0C3-90E5-4916-81AA-516C797E567C}.Debug|Any CPU.ActiveCfg = Debug|Any CPU
		{F851A0C3-90E5-4916-81AA-516C797E567C}.Debug|Any CPU.Build.0 = Debug|Any CPU
		{F851A0C3-90E5-4916-81AA-516C797E567C}.Release|Any CPU.ActiveCfg = Release|Any CPU
		{F851A0C3-90E5-4916-81AA-516C797E567C}.Release|Any CPU.Build.0 = Release|Any CPU
	EndGlobalSection
	GlobalSection(SolutionProperties) = preSolution
		HideSolutionNode = FALSE
	EndGlobalSection
	GlobalSection(ExtensibilityGlobals) = postSolution
		SolutionGuid = {885C09F7-7E7C-49C9-94C5-7B69AAF40F8E}
	EndGlobalSection
EndGlobal
